
Microsoft Visual Studio Solution File, Format Version 12.00
# Visual Studio 15
VisualStudioVersion = 15.0.27004.2002
MinimumVisualStudioVersion = 10.0.40219.1
Project("{9A19103F-16F7-4668-BE54-9A1E7A4F7556}") = "Adapter", "Adapter\Adapter.csproj", "{734C21F0-242C-46AB-970B-71BF2D12DAB0}"
EndProject
Project("{9A19103F-16F7-4668-BE54-9A1E7A4F7556}") = "Bridge", "Bridge\Bridge.csproj", "{949D6D82-596D-4CFB-9B97-31D7DF1E56BA}"
EndProject
Project("{9A19103F-16F7-4668-BE54-9A1E7A4F7556}") = "AbstractFactory", "AbstractFactory\AbstractFactory.csproj", "{14948BB8-9567-4AD9-929D-51FF4EFCFA27}"
EndProject
Project("{9A19103F-16F7-4668-BE54-9A1E7A4F7556}") = "Singleton", "Singleton\Singleton.csproj", "{531C7D56-00B1-4F37-AB4C-73AB133DD522}"
EndProject
Project("{9A19103F-16F7-4668-BE54-9A1E7A4F7556}") = "NullObject", "NullObject\NullObject.csproj", "{6C3098C6-B4AC-42F5-AEF9-70E6EFC1FB6A}"
EndProject
Project("{9A19103F-16F7-4668-BE54-9A1E7A4F7556}") = "RepositoryAndUnitOfWork", "RepositoryAndUnitOfWork\RepositoryAndUnitOfWork.csproj", "{63FC136B-D09A-48D5-B7AD-CD8030FC04F6}"
EndProject
Project("{9A19103F-16F7-4668-BE54-9A1E7A4F7556}") = "Command", "Command\Command.csproj", "{D12A567F-2D6E-4D16-8A40-1D34E44E9396}"
EndProject
Project("{9A19103F-16F7-4668-BE54-9A1E7A4F7556}") = "Facade", "Facade\Facade.csproj", "{8E08CCB0-89C8-4F14-87B2-4E695E78A910}"
EndProject
Project("{9A19103F-16F7-4668-BE54-9A1E7A4F7556}") = "Strategy", "Strategy\Strategy.csproj", "{E92120D2-C2F8-4D28-9E25-2B185867A9C4}"
EndProject
Project("{9A19103F-16F7-4668-BE54-9A1E7A4F7556}") = "TemplateMethod", "TemplateMethod\TemplateMethod.csproj", "{061EF842-6741-4242-B95E-7A3204519A4B}"
EndProject
Project("{9A19103F-16F7-4668-BE54-9A1E7A4F7556}") = "Proxy", "Proxy\Proxy.csproj", "{EAD9491F-BF63-4D2F-9C6F-35146908B109}"
EndProject
Project("{FAE04EC0-301F-11D3-BF4B-00C04F79EFBC}") = "Builder", "Builder\Builder.csproj", "{886A56F3-FCFC-49AC-A588-0EDA273898EF}"
EndProject
Global
	GlobalSection(SolutionConfigurationPlatforms) = preSolution
		Debug|Any CPU = Debug|Any CPU
		Release|Any CPU = Release|Any CPU
	EndGlobalSection
	GlobalSection(ProjectConfigurationPlatforms) = postSolution
		{734C21F0-242C-46AB-970B-71BF2D12DAB0}.Debug|Any CPU.ActiveCfg = Debug|Any CPU
		{734C21F0-242C-46AB-970B-71BF2D12DAB0}.Debug|Any CPU.Build.0 = Debug|Any CPU
		{734C21F0-242C-46AB-970B-71BF2D12DAB0}.Release|Any CPU.ActiveCfg = Release|Any CPU
		{734C21F0-242C-46AB-970B-71BF2D12DAB0}.Release|Any CPU.Build.0 = Release|Any CPU
		{949D6D82-596D-4CFB-9B97-31D7DF1E56BA}.Debug|Any CPU.ActiveCfg = Debug|Any CPU
		{949D6D82-596D-4CFB-9B97-31D7DF1E56BA}.Debug|Any CPU.Build.0 = Debug|Any CPU
		{949D6D82-596D-4CFB-9B97-31D7DF1E56BA}.Release|Any CPU.ActiveCfg = Release|Any CPU
		{949D6D82-596D-4CFB-9B97-31D7DF1E56BA}.Release|Any CPU.Build.0 = Release|Any CPU
		{14948BB8-9567-4AD9-929D-51FF4EFCFA27}.Debug|Any CPU.ActiveCfg = Debug|Any CPU
		{14948BB8-9567-4AD9-929D-51FF4EFCFA27}.Debug|Any CPU.Build.0 = Debug|Any CPU
		{14948BB8-9567-4AD9-929D-51FF4EFCFA27}.Release|Any CPU.ActiveCfg = Release|Any CPU
		{14948BB8-9567-4AD9-929D-51FF4EFCFA27}.Release|Any CPU.Build.0 = Release|Any CPU
		{531C7D56-00B1-4F37-AB4C-73AB133DD522}.Debug|Any CPU.ActiveCfg = Debug|Any CPU
		{531C7D56-00B1-4F37-AB4C-73AB133DD522}.Debug|Any CPU.Build.0 = Debug|Any CPU
		{531C7D56-00B1-4F37-AB4C-73AB133DD522}.Release|Any CPU.ActiveCfg = Release|Any CPU
		{531C7D56-00B1-4F37-AB4C-73AB133DD522}.Release|Any CPU.Build.0 = Release|Any CPU
		{6C3098C6-B4AC-42F5-AEF9-70E6EFC1FB6A}.Debug|Any CPU.ActiveCfg = Debug|Any CPU
		{6C3098C6-B4AC-42F5-AEF9-70E6EFC1FB6A}.Debug|Any CPU.Build.0 = Debug|Any CPU
		{6C3098C6-B4AC-42F5-AEF9-70E6EFC1FB6A}.Release|Any CPU.ActiveCfg = Release|Any CPU
		{6C3098C6-B4AC-42F5-AEF9-70E6EFC1FB6A}.Release|Any CPU.Build.0 = Release|Any CPU
		{63FC136B-D09A-48D5-B7AD-CD8030FC04F6}.Debug|Any CPU.ActiveCfg = Debug|Any CPU
		{63FC136B-D09A-48D5-B7AD-CD8030FC04F6}.Debug|Any CPU.Build.0 = Debug|Any CPU
		{63FC136B-D09A-48D5-B7AD-CD8030FC04F6}.Release|Any CPU.ActiveCfg = Release|Any CPU
		{63FC136B-D09A-48D5-B7AD-CD8030FC04F6}.Release|Any CPU.Build.0 = Release|Any CPU
		{D12A567F-2D6E-4D16-8A40-1D34E44E9396}.Debug|Any CPU.ActiveCfg = Debug|Any CPU
		{D12A567F-2D6E-4D16-8A40-1D34E44E9396}.Debug|Any CPU.Build.0 = Debug|Any CPU
		{D12A567F-2D6E-4D16-8A40-1D34E44E9396}.Release|Any CPU.ActiveCfg = Release|Any CPU
		{D12A567F-2D6E-4D16-8A40-1D34E44E9396}.Release|Any CPU.Build.0 = Release|Any CPU
		{8E08CCB0-89C8-4F14-87B2-4E695E78A910}.Debug|Any CPU.ActiveCfg = Debug|Any CPU
		{8E08CCB0-89C8-4F14-87B2-4E695E78A910}.Debug|Any CPU.Build.0 = Debug|Any CPU
		{8E08CCB0-89C8-4F14-87B2-4E695E78A910}.Release|Any CPU.ActiveCfg = Release|Any CPU
		{8E08CCB0-89C8-4F14-87B2-4E695E78A910}.Release|Any CPU.Build.0 = Release|Any CPU
		{E92120D2-C2F8-4D28-9E25-2B185867A9C4}.Debug|Any CPU.ActiveCfg = Debug|Any CPU
		{E92120D2-C2F8-4D28-9E25-2B185867A9C4}.Debug|Any CPU.Build.0 = Debug|Any CPU
		{E92120D2-C2F8-4D28-9E25-2B185867A9C4}.Release|Any CPU.ActiveCfg = Release|Any CPU
		{E92120D2-C2F8-4D28-9E25-2B185867A9C4}.Release|Any CPU.Build.0 = Release|Any CPU
		{061EF842-6741-4242-B95E-7A3204519A4B}.Debug|Any CPU.ActiveCfg = Debug|Any CPU
		{061EF842-6741-4242-B95E-7A3204519A4B}.Debug|Any CPU.Build.0 = Debug|Any CPU
		{061EF842-6741-4242-B95E-7A3204519A4B}.Release|Any CPU.ActiveCfg = Release|Any CPU
		{061EF842-6741-4242-B95E-7A3204519A4B}.Release|Any CPU.Build.0 = Release|Any CPU
		{EAD9491F-BF63-4D2F-9C6F-35146908B109}.Debug|Any CPU.ActiveCfg = Debug|Any CPU
		{EAD9491F-BF63-4D2F-9C6F-35146908B109}.Debug|Any CPU.Build.0 = Debug|Any CPU
		{EAD9491F-BF63-4D2F-9C6F-35146908B109}.Release|Any CPU.ActiveCfg = Release|Any CPU
		{EAD9491F-BF63-4D2F-9C6F-35146908B109}.Release|Any CPU.Build.0 = Release|Any CPU
		{886A56F3-FCFC-49AC-A588-0EDA273898EF}.Debug|Any CPU.ActiveCfg = Debug|Any CPU
		{886A56F3-FCFC-49AC-A588-0EDA273898EF}.Debug|Any CPU.Build.0 = Debug|Any CPU
		{886A56F3-FCFC-49AC-A588-0EDA273898EF}.Release|Any CPU.ActiveCfg = Release|Any CPU
		{886A56F3-FCFC-49AC-A588-0EDA273898EF}.Release|Any CPU.Build.0 = Release|Any CPU
	EndGlobalSection
	GlobalSection(SolutionProperties) = preSolution
		HideSolutionNode = FALSE
	EndGlobalSection
	GlobalSection(ExtensibilityGlobals) = postSolution
		SolutionGuid = {6FBD9CA0-DC29-4722-9B03-27FEB97F3F57}
	EndGlobalSection
EndGlobal
